{
  "name": "lucci",
  "version": "1.0.0",
  "lockfileVersion": 2,
  "requires": true,
  "packages": {
    "": {
      "name": "lucci",
      "version": "1.0.0",
      "license": "ISC",
      "dependencies": {
        "highcharts": "^10.3.2",
        "typescript": "^4.9.3"
      }
    },
    "node_modules/highcharts": {
      "version": "10.3.2",
      "resolved": "https://registry.npmjs.org/highcharts/-/highcharts-10.3.2.tgz",
      "integrity": "sha512-uDSuAOTKXOA90WUE38KKJawzMPjeIX/4UH3fMxZdoypbGVjsbuHO6jJSdeGf1LaDpu5wRg/xjO4QXzJqXfIrkA=="
    },
    "node_modules/typescript": {
      "version": "4.9.3",
      "resolved": "https://registry.npmjs.org/typescript/-/typescript-4.9.3.tgz",
      "integrity": "sha512-CIfGzTelbKNEnLpLdGFgdyKhG23CKdKgQPOBc+OUNrkJ2vr+KSzsSV5kq5iWhEQbok+quxgGzrAtGWCyU7tHnA==",
      "bin": {
        "tsc": "bin/tsc",
        "tsserver": "bin/tsserver"
      },
      "engines": {
        "node": ">=4.2.0"
      }
    }
  },
  "dependencies": {
    "highcharts": {
      "version": "10.3.2",
      "resolved": "https://registry.npmjs.org/highcharts/-/highcharts-10.3.2.tgz",
      "integrity": "sha512-uDSuAOTKXOA90WUE38KKJawzMPjeIX/4UH3fMxZdoypbGVjsbuHO6jJSdeGf1LaDpu5wRg/xjO4QXzJqXfIrkA=="
    },
    "typescript": {
      "version": "4.9.3",
      "resolved": "https://registry.npmjs.org/typescript/-/typescript-4.9.3.tgz",
      "integrity": "sha512-CIfGzTelbKNEnLpLdGFgdyKhG23CKdKgQPOBc+OUNrkJ2vr+KSzsSV5kq5iWhEQbok+quxgGzrAtGWCyU7tHnA=="
    }
  }
}
